{
    "_meta": {
        "hash": {
            "sha256": "c5e88952b9927da84d7c6d993629eaca20b0448c46c3a14bc4af9ed531d82d2f"
        },
        "pipfile-spec": 6,
        "requires": {
            "python_version": "3.9"
        },
        "sources": [
            {
                "name": "pypi",
                "url": "https://pypi.org/simple",
                "verify_ssl": true
            }
        ]
    },
    "default": {
        "more-itertools": {
            "hashes": [
                "sha256:43e6dd9942dffd72661a2c4ef383ad7da1e6a3e968a927ad7a6083ab410a688b",
                "sha256:7dc6ad46f05f545f900dd59e8dfb4e84a4827b97b3cfecb175ea0c7d247f6064"
            ],
            "index": "pypi",
            "version": "==8.12.0"
        }
    },
    "develop": {}
}
